
Microsoft Visual Studio Solution File, Format Version 12.00
# Visual Studio Version 16
VisualStudioVersion = 16.0.32413.511
MinimumVisualStudioVersion = 10.0.40219.1
Project("{FAE04EC0-301F-11D3-BF4B-00C04F79EFBC}") = "mvcCore5.0", "mvcCore5.0\mvcCore5.0.csproj", "{5C075110-EB2D-4373-BB3E-C5344F8BF11B}"
EndProject
Global
	GlobalSection(SolutionConfigurationPlatforms) = preSolution
		Debug|Any CPU = Debug|Any CPU
		Release|Any CPU = Release|Any CPU
	EndGlobalSection
	GlobalSection(ProjectConfigurationPlatforms) = postSolution
		{5C075110-EB2D-4373-BB3E-C5344F8BF11B}.Debug|Any CPU.ActiveCfg = Debug|Any CPU
		{5C075110-EB2D-4373-BB3E-C5344F8BF11B}.Debug|Any CPU.Build.0 = Debug|Any CPU
		{5C075110-EB2D-4373-BB3E-C5344F8BF11B}.Release|Any CPU.ActiveCfg = Release|Any CPU
		{5C075110-EB2D-4373-BB3E-C5344F8BF11B}.Release|Any CPU.Build.0 = Release|Any CPU
	EndGlobalSection
	GlobalSection(SolutionProperties) = preSolution
		HideSolutionNode = FALSE
	EndGlobalSection
	GlobalSection(ExtensibilityGlobals) = postSolution
		SolutionGuid = {B77C0926-115A-4003-9AEA-1833E4756430}
	EndGlobalSection
EndGlobal
